
Microsoft Visual Studio Solution File, Format Version 12.00
# Visual Studio Version 16
VisualStudioVersion = 16.0.30717.126
MinimumVisualStudioVersion = 10.0.40219.1
Project("{FAE04EC0-301F-11D3-BF4B-00C04F79EFBC}") = "MaxPrinter", "MaxPrinter\MaxPrinter.csproj", "{EE23114E-D5B3-433D-950D-568910F3471F}"
EndProject
Global
	GlobalSection(SolutionConfigurationPlatforms) = preSolution
		Debug|Any CPU = Debug|Any CPU
		Release|Any CPU = Release|Any CPU
	EndGlobalSection
	GlobalSection(ProjectConfigurationPlatforms) = postSolution
		{EE23114E-D5B3-433D-950D-568910F3471F}.Debug|Any CPU.ActiveCfg = Debug|Any CPU
		{EE23114E-D5B3-433D-950D-568910F3471F}.Debug|Any CPU.Build.0 = Debug|Any CPU
		{EE23114E-D5B3-433D-950D-568910F3471F}.Release|Any CPU.ActiveCfg = Release|Any CPU
		{EE23114E-D5B3-433D-950D-568910F3471F}.Release|Any CPU.Build.0 = Release|Any CPU
	EndGlobalSection
	GlobalSection(SolutionProperties) = preSolution
		HideSolutionNode = FALSE
	EndGlobalSection
	GlobalSection(ExtensibilityGlobals) = postSolution
		SolutionGuid = {387A933C-9F36-47E5-89BC-9C9FC2C08AC4}
	EndGlobalSection
EndGlobal
